
Microsoft Visual Studio Solution File, Format Version 12.00
# Visual Studio Version 17
VisualStudioVersion = 17.2.32616.157
MinimumVisualStudioVersion = 10.0.40219.1
Project("{9A19103F-16F7-4668-BE54-9A1E7A4F7556}") = "APIClientApp", "APIClientApp\APIClientApp.csproj", "{458D77DF-7462-4056-8C86-6421F9FE8F0A}"
EndProject
Project("{FAE04EC0-301F-11D3-BF4B-00C04F79EFBC}") = "APITestApp", "APITestApp\APITestApp.csproj", "{9592CCB7-7AD7-468E-B230-08BE2AE431F7}"
EndProject
Global
	GlobalSection(SolutionConfigurationPlatforms) = preSolution
		Debug|Any CPU = Debug|Any CPU
		Release|Any CPU = Release|Any CPU
	EndGlobalSection
	GlobalSection(ProjectConfigurationPlatforms) = postSolution
		{458D77DF-7462-4056-8C86-6421F9FE8F0A}.Debug|Any CPU.ActiveCfg = Debug|Any CPU
		{458D77DF-7462-4056-8C86-6421F9FE8F0A}.Debug|Any CPU.Build.0 = Debug|Any CPU
		{458D77DF-7462-4056-8C86-6421F9FE8F0A}.Release|Any CPU.ActiveCfg = Release|Any CPU
		{458D77DF-7462-4056-8C86-6421F9FE8F0A}.Release|Any CPU.Build.0 = Release|Any CPU
		{9592CCB7-7AD7-468E-B230-08BE2AE431F7}.Debug|Any CPU.ActiveCfg = Debug|Any CPU
		{9592CCB7-7AD7-468E-B230-08BE2AE431F7}.Debug|Any CPU.Build.0 = Debug|Any CPU
		{9592CCB7-7AD7-468E-B230-08BE2AE431F7}.Release|Any CPU.ActiveCfg = Release|Any CPU
		{9592CCB7-7AD7-468E-B230-08BE2AE431F7}.Release|Any CPU.Build.0 = Release|Any CPU
	EndGlobalSection
	GlobalSection(SolutionProperties) = preSolution
		HideSolutionNode = FALSE
	EndGlobalSection
	GlobalSection(ExtensibilityGlobals) = postSolution
		SolutionGuid = {CC56E9E1-FF3A-40E2-900D-8D6D9DE598B0}
	EndGlobalSection
EndGlobal
