
Microsoft Visual Studio Solution File, Format Version 12.00
# Visual Studio Version 17
VisualStudioVersion = 17.2.32630.192
MinimumVisualStudioVersion = 10.0.40219.1
Project("{FAE04EC0-301F-11D3-BF4B-00C04F79EFBC}") = "SerialisationApp", "SerialisationApp\SerialisationApp.csproj", "{9754539E-705D-4C56-B7E6-34C1E92AAD48}"
EndProject
Global
	GlobalSection(SolutionConfigurationPlatforms) = preSolution
		Debug|Any CPU = Debug|Any CPU
		Release|Any CPU = Release|Any CPU
	EndGlobalSection
	GlobalSection(ProjectConfigurationPlatforms) = postSolution
		{9754539E-705D-4C56-B7E6-34C1E92AAD48}.Debug|Any CPU.ActiveCfg = Debug|Any CPU
		{9754539E-705D-4C56-B7E6-34C1E92AAD48}.Debug|Any CPU.Build.0 = Debug|Any CPU
		{9754539E-705D-4C56-B7E6-34C1E92AAD48}.Release|Any CPU.ActiveCfg = Release|Any CPU
		{9754539E-705D-4C56-B7E6-34C1E92AAD48}.Release|Any CPU.Build.0 = Release|Any CPU
	EndGlobalSection
	GlobalSection(SolutionProperties) = preSolution
		HideSolutionNode = FALSE
	EndGlobalSection
	GlobalSection(ExtensibilityGlobals) = postSolution
		SolutionGuid = {29299E2B-15C7-4229-88D3-8F61A825EBC0}
	EndGlobalSection
EndGlobal
