
Microsoft Visual Studio Solution File, Format Version 12.00
# Visual Studio Version 17
VisualStudioVersion = 17.2.32630.192
MinimumVisualStudioVersion = 10.0.40219.1
Project("{FAE04EC0-301F-11D3-BF4B-00C04F79EFBC}") = "FizzBuzzApp", "FizzBuzzApp\FizzBuzzApp.csproj", "{DCD47637-2BD3-4631-AE91-2FFE8B25374E}"
EndProject
Project("{FAE04EC0-301F-11D3-BF4B-00C04F79EFBC}") = "FizzBuzzTest", "FizzBuzzTest\FizzBuzzTest.csproj", "{636F355F-7758-4D75-8651-43A626F35DD7}"
EndProject
Global
	GlobalSection(SolutionConfigurationPlatforms) = preSolution
		Debug|Any CPU = Debug|Any CPU
		Release|Any CPU = Release|Any CPU
	EndGlobalSection
	GlobalSection(ProjectConfigurationPlatforms) = postSolution
		{DCD47637-2BD3-4631-AE91-2FFE8B25374E}.Debug|Any CPU.ActiveCfg = Debug|Any CPU
		{DCD47637-2BD3-4631-AE91-2FFE8B25374E}.Debug|Any CPU.Build.0 = Debug|Any CPU
		{DCD47637-2BD3-4631-AE91-2FFE8B25374E}.Release|Any CPU.ActiveCfg = Release|Any CPU
		{DCD47637-2BD3-4631-AE91-2FFE8B25374E}.Release|Any CPU.Build.0 = Release|Any CPU
		{636F355F-7758-4D75-8651-43A626F35DD7}.Debug|Any CPU.ActiveCfg = Debug|Any CPU
		{636F355F-7758-4D75-8651-43A626F35DD7}.Debug|Any CPU.Build.0 = Debug|Any CPU
		{636F355F-7758-4D75-8651-43A626F35DD7}.Release|Any CPU.ActiveCfg = Release|Any CPU
		{636F355F-7758-4D75-8651-43A626F35DD7}.Release|Any CPU.Build.0 = Release|Any CPU
	EndGlobalSection
	GlobalSection(SolutionProperties) = preSolution
		HideSolutionNode = FALSE
	EndGlobalSection
	GlobalSection(ExtensibilityGlobals) = postSolution
		SolutionGuid = {4E9223DB-3957-4A42-90AE-055281349C85}
	EndGlobalSection
EndGlobal
